{
  "name": "gopro-metadata-extractor",
  "version": "0.1.0",
  "lockfileVersion": 1,
  "requires": true,
  "dependencies": {
    "binary-parser": {
      "version": "2.2.1",
      "resolved": "https://registry.npmjs.org/binary-parser/-/binary-parser-2.2.1.tgz",
      "integrity": "sha512-5ATpz/uPDgq5GgEDxTB4ouXCde7q2lqAQlSdBRQVl/AJnxmQmhIfyxJx+0MGu//D5rHQifkfGbWWlaysG0o9NA=="
    },
    "gopro-telemetry": {
      "version": "1.2.1",
      "resolved": "https://registry.npmjs.org/gopro-telemetry/-/gopro-telemetry-1.2.1.tgz",
      "integrity": "sha512-PRf8nG9VMKsCE36WN+qm2wJvKWrZos675ehDn0nclHqhtqzghYaZok4HFfNL3SijSM/1xyzEei/JwJBsZZ3oHg==",
      "requires": {
        "binary-parser": "^2.2.1"
      }
    },
    "gpmf-extract": {
      "version": "0.3.1",
      "resolved": "https://registry.npmjs.org/gpmf-extract/-/gpmf-extract-0.3.1.tgz",
      "integrity": "sha512-noPFwpUc2fmn8Olx0wgLNxT//ErOViEZI51PA9bTLWqYkYm/PlQa44/0KKpJe+WHhIculzZQNtf4I+TqZRto2w==",
      "requires": {
        "mp4box": "^0.5.2"
      }
    },
    "mp4box": {
      "version": "0.5.2",
      "resolved": "https://registry.npmjs.org/mp4box/-/mp4box-0.5.2.tgz",
      "integrity": "sha512-zRmGlvxy+YdW3Dmt+TR4xPHynbxwXtAQDTN/Fo9N3LMxaUlB2C5KmZpzYyGKy4c7k4Jf3RCR0A2pm9SZELOLXw=="
    }
  }
}
